
Microsoft Visual Studio Solution File, Format Version 12.00
# Visual Studio Version 16
VisualStudioVersion = 16.0.30804.86
MinimumVisualStudioVersion = 10.0.40219.1
Project("{FAE04EC0-301F-11D3-BF4B-00C04F79EFBC}") = "Problem inför prov", "Problem inför prov\Problem inför prov.csproj", "{C74DAE43-82E4-47B7-A011-E3E1A9462104}"
EndProject
Global
	GlobalSection(SolutionConfigurationPlatforms) = preSolution
		Debug|Any CPU = Debug|Any CPU
		Release|Any CPU = Release|Any CPU
	EndGlobalSection
	GlobalSection(ProjectConfigurationPlatforms) = postSolution
		{C74DAE43-82E4-47B7-A011-E3E1A9462104}.Debug|Any CPU.ActiveCfg = Debug|Any CPU
		{C74DAE43-82E4-47B7-A011-E3E1A9462104}.Debug|Any CPU.Build.0 = Debug|Any CPU
		{C74DAE43-82E4-47B7-A011-E3E1A9462104}.Release|Any CPU.ActiveCfg = Release|Any CPU
		{C74DAE43-82E4-47B7-A011-E3E1A9462104}.Release|Any CPU.Build.0 = Release|Any CPU
	EndGlobalSection
	GlobalSection(SolutionProperties) = preSolution
		HideSolutionNode = FALSE
	EndGlobalSection
	GlobalSection(ExtensibilityGlobals) = postSolution
		SolutionGuid = {6BC9B021-0966-4BD5-B720-A62DCCF5DE16}
	EndGlobalSection
EndGlobal
